
Microsoft Visual Studio Solution File, Format Version 12.00
# Visual Studio Version 16
VisualStudioVersion = 16.0.29503.13
MinimumVisualStudioVersion = 10.0.40219.1
Project("{FAE04EC0-301F-11D3-BF4B-00C04F79EFBC}") = "TaxaJuros.Api", "TaxaJuros\TaxaJuros.Api.csproj", "{57D5D83D-090A-4B9E-ACB9-18E8FF4FB670}"
EndProject
Project("{FAE04EC0-301F-11D3-BF4B-00C04F79EFBC}") = "TaxaJuros.Test", "TaxaJuros.Tests\TaxaJuros.Test.csproj", "{F5A3E3E4-D9D0-4C77-93C2-469A16231B29}"
EndProject
Project("{FAE04EC0-301F-11D3-BF4B-00C04F79EFBC}") = "TaxaJuros.Domain", "TaxaJuros.Domain\TaxaJuros.Domain.csproj", "{723477CB-969B-4439-86E8-E4CE0B9F4477}"
EndProject
Project("{FAE04EC0-301F-11D3-BF4B-00C04F79EFBC}") = "TaxaJuros.Infrastructure.Data", "TaxaJuros.Infrastructure.Data\TaxaJuros.Infrastructure.Data.csproj", "{ED29E93B-2F28-4803-A04F-DD163CB9F9C6}"
EndProject
Project("{2150E333-8FDC-42A3-9474-1A3956D46DE8}") = "src", "src", "{2EE891BC-D629-4BBF-82D8-6D61A60B4DAE}"
EndProject
Project("{2150E333-8FDC-42A3-9474-1A3956D46DE8}") = "Services", "Services", "{D9459569-A330-42B4-A470-28735ED05CE0}"
EndProject
Project("{2150E333-8FDC-42A3-9474-1A3956D46DE8}") = "TaxaJuros", "TaxaJuros", "{9836C6F5-4255-4E2B-98CE-FC8E8C37100F}"
EndProject
Project("{2150E333-8FDC-42A3-9474-1A3956D46DE8}") = "CalculaJuros", "CalculaJuros", "{0B4BA9C1-A9EF-407F-AC39-ED29F6491440}"
EndProject
Project("{FAE04EC0-301F-11D3-BF4B-00C04F79EFBC}") = "TaxaJuros.Domain.Service", "TaxaJuros.Domain.Service\TaxaJuros.Domain.Service.csproj", "{CB4A1FD2-EAF0-4BD7-93F7-23030401FE6D}"
EndProject
Project("{FAE04EC0-301F-11D3-BF4B-00C04F79EFBC}") = "CalculaJuros.Api", "CalculaJuros.Api\CalculaJuros.Api.csproj", "{CE24908F-75BF-44A9-9B7F-62F6850C4706}"
EndProject
Project("{FAE04EC0-301F-11D3-BF4B-00C04F79EFBC}") = "CalculaJuros.Domain", "CalculaJuros.Domain\CalculaJuros.Domain.csproj", "{F4CA7C36-2142-4D16-90CD-3AB222CDE43C}"
EndProject
Project("{FAE04EC0-301F-11D3-BF4B-00C04F79EFBC}") = "CalculaJuros.Domain.Service", "CalculaJuros.Domain.Service\CalculaJuros.Domain.Service.csproj", "{E2E3AA04-B45A-4A92-9B22-8DFA210767E8}"
EndProject
Project("{FAE04EC0-301F-11D3-BF4B-00C04F79EFBC}") = "CalculaJuros.Test", "CalculaJuros.Test\CalculaJuros.Test.csproj", "{84332E92-1C52-4E73-B177-A7E1A149C21A}"
EndProject
Project("{E53339B2-1760-4266-BCC7-CA923CBCF16C}") = "docker-compose", "docker-compose.dcproj", "{4279A8E1-BD6D-4EA1-9868-97CDF9ED6181}"
EndProject
Global
	GlobalSection(SolutionConfigurationPlatforms) = preSolution
		Debug|Any CPU = Debug|Any CPU
		Release|Any CPU = Release|Any CPU
	EndGlobalSection
	GlobalSection(ProjectConfigurationPlatforms) = postSolution
		{57D5D83D-090A-4B9E-ACB9-18E8FF4FB670}.Debug|Any CPU.ActiveCfg = Debug|Any CPU
		{57D5D83D-090A-4B9E-ACB9-18E8FF4FB670}.Debug|Any CPU.Build.0 = Debug|Any CPU
		{57D5D83D-090A-4B9E-ACB9-18E8FF4FB670}.Release|Any CPU.ActiveCfg = Release|Any CPU
		{57D5D83D-090A-4B9E-ACB9-18E8FF4FB670}.Release|Any CPU.Build.0 = Release|Any CPU
		{F5A3E3E4-D9D0-4C77-93C2-469A16231B29}.Debug|Any CPU.ActiveCfg = Debug|Any CPU
		{F5A3E3E4-D9D0-4C77-93C2-469A16231B29}.Debug|Any CPU.Build.0 = Debug|Any CPU
		{F5A3E3E4-D9D0-4C77-93C2-469A16231B29}.Release|Any CPU.ActiveCfg = Release|Any CPU
		{F5A3E3E4-D9D0-4C77-93C2-469A16231B29}.Release|Any CPU.Build.0 = Release|Any CPU
		{723477CB-969B-4439-86E8-E4CE0B9F4477}.Debug|Any CPU.ActiveCfg = Debug|Any CPU
		{723477CB-969B-4439-86E8-E4CE0B9F4477}.Debug|Any CPU.Build.0 = Debug|Any CPU
		{723477CB-969B-4439-86E8-E4CE0B9F4477}.Release|Any CPU.ActiveCfg = Release|Any CPU
		{723477CB-969B-4439-86E8-E4CE0B9F4477}.Release|Any CPU.Build.0 = Release|Any CPU
		{ED29E93B-2F28-4803-A04F-DD163CB9F9C6}.Debug|Any CPU.ActiveCfg = Debug|Any CPU
		{ED29E93B-2F28-4803-A04F-DD163CB9F9C6}.Debug|Any CPU.Build.0 = Debug|Any CPU
		{ED29E93B-2F28-4803-A04F-DD163CB9F9C6}.Release|Any CPU.ActiveCfg = Release|Any CPU
		{ED29E93B-2F28-4803-A04F-DD163CB9F9C6}.Release|Any CPU.Build.0 = Release|Any CPU
		{CB4A1FD2-EAF0-4BD7-93F7-23030401FE6D}.Debug|Any CPU.ActiveCfg = Debug|Any CPU
		{CB4A1FD2-EAF0-4BD7-93F7-23030401FE6D}.Debug|Any CPU.Build.0 = Debug|Any CPU
		{CB4A1FD2-EAF0-4BD7-93F7-23030401FE6D}.Release|Any CPU.ActiveCfg = Release|Any CPU
		{CB4A1FD2-EAF0-4BD7-93F7-23030401FE6D}.Release|Any CPU.Build.0 = Release|Any CPU
		{CE24908F-75BF-44A9-9B7F-62F6850C4706}.Debug|Any CPU.ActiveCfg = Debug|Any CPU
		{CE24908F-75BF-44A9-9B7F-62F6850C4706}.Debug|Any CPU.Build.0 = Debug|Any CPU
		{CE24908F-75BF-44A9-9B7F-62F6850C4706}.Release|Any CPU.ActiveCfg = Release|Any CPU
		{CE24908F-75BF-44A9-9B7F-62F6850C4706}.Release|Any CPU.Build.0 = Release|Any CPU
		{F4CA7C36-2142-4D16-90CD-3AB222CDE43C}.Debug|Any CPU.ActiveCfg = Debug|Any CPU
		{F4CA7C36-2142-4D16-90CD-3AB222CDE43C}.Debug|Any CPU.Build.0 = Debug|Any CPU
		{F4CA7C36-2142-4D16-90CD-3AB222CDE43C}.Release|Any CPU.ActiveCfg = Release|Any CPU
		{F4CA7C36-2142-4D16-90CD-3AB222CDE43C}.Release|Any CPU.Build.0 = Release|Any CPU
		{E2E3AA04-B45A-4A92-9B22-8DFA210767E8}.Debug|Any CPU.ActiveCfg = Debug|Any CPU
		{E2E3AA04-B45A-4A92-9B22-8DFA210767E8}.Debug|Any CPU.Build.0 = Debug|Any CPU
		{E2E3AA04-B45A-4A92-9B22-8DFA210767E8}.Release|Any CPU.ActiveCfg = Release|Any CPU
		{E2E3AA04-B45A-4A92-9B22-8DFA210767E8}.Release|Any CPU.Build.0 = Release|Any CPU
		{84332E92-1C52-4E73-B177-A7E1A149C21A}.Debug|Any CPU.ActiveCfg = Debug|Any CPU
		{84332E92-1C52-4E73-B177-A7E1A149C21A}.Debug|Any CPU.Build.0 = Debug|Any CPU
		{84332E92-1C52-4E73-B177-A7E1A149C21A}.Release|Any CPU.ActiveCfg = Release|Any CPU
		{84332E92-1C52-4E73-B177-A7E1A149C21A}.Release|Any CPU.Build.0 = Release|Any CPU
		{4279A8E1-BD6D-4EA1-9868-97CDF9ED6181}.Debug|Any CPU.ActiveCfg = Debug|Any CPU
		{4279A8E1-BD6D-4EA1-9868-97CDF9ED6181}.Debug|Any CPU.Build.0 = Debug|Any CPU
		{4279A8E1-BD6D-4EA1-9868-97CDF9ED6181}.Release|Any CPU.ActiveCfg = Release|Any CPU
		{4279A8E1-BD6D-4EA1-9868-97CDF9ED6181}.Release|Any CPU.Build.0 = Release|Any CPU
	EndGlobalSection
	GlobalSection(SolutionProperties) = preSolution
		HideSolutionNode = FALSE
	EndGlobalSection
	GlobalSection(NestedProjects) = preSolution
		{57D5D83D-090A-4B9E-ACB9-18E8FF4FB670} = {9836C6F5-4255-4E2B-98CE-FC8E8C37100F}
		{F5A3E3E4-D9D0-4C77-93C2-469A16231B29} = {9836C6F5-4255-4E2B-98CE-FC8E8C37100F}
		{723477CB-969B-4439-86E8-E4CE0B9F4477} = {9836C6F5-4255-4E2B-98CE-FC8E8C37100F}
		{ED29E93B-2F28-4803-A04F-DD163CB9F9C6} = {9836C6F5-4255-4E2B-98CE-FC8E8C37100F}
		{D9459569-A330-42B4-A470-28735ED05CE0} = {2EE891BC-D629-4BBF-82D8-6D61A60B4DAE}
		{9836C6F5-4255-4E2B-98CE-FC8E8C37100F} = {D9459569-A330-42B4-A470-28735ED05CE0}
		{0B4BA9C1-A9EF-407F-AC39-ED29F6491440} = {D9459569-A330-42B4-A470-28735ED05CE0}
		{CB4A1FD2-EAF0-4BD7-93F7-23030401FE6D} = {9836C6F5-4255-4E2B-98CE-FC8E8C37100F}
		{CE24908F-75BF-44A9-9B7F-62F6850C4706} = {0B4BA9C1-A9EF-407F-AC39-ED29F6491440}
		{F4CA7C36-2142-4D16-90CD-3AB222CDE43C} = {0B4BA9C1-A9EF-407F-AC39-ED29F6491440}
		{E2E3AA04-B45A-4A92-9B22-8DFA210767E8} = {0B4BA9C1-A9EF-407F-AC39-ED29F6491440}
		{84332E92-1C52-4E73-B177-A7E1A149C21A} = {0B4BA9C1-A9EF-407F-AC39-ED29F6491440}
	EndGlobalSection
	GlobalSection(ExtensibilityGlobals) = postSolution
		SolutionGuid = {957E73C4-F2D1-492F-94E9-9237E5B74F80}
	EndGlobalSection
EndGlobal
